
Microsoft Visual Studio Solution File, Format Version 12.00
# Visual Studio Version 17
VisualStudioVersion = 17.7.34031.279
MinimumVisualStudioVersion = 10.0.40219.1
Project("{9A19103F-16F7-4668-BE54-9A1E7A4F7556}") = "TiposDeDados1", "MeuProjeto\TiposDeDados1.csproj", "{3A1C2EEB-22A3-4721-ACB7-22D663A8CECC}"
EndProject
Project("{9A19103F-16F7-4668-BE54-9A1E7A4F7556}") = "TiposDeDados2", "TipoDeDados2\TiposDeDados2.csproj", "{37FCE017-7EF5-4047-9459-E6A54A7B9437}"
EndProject
Project("{9A19103F-16F7-4668-BE54-9A1E7A4F7556}") = "TiposDeDados3", "TiposDeDados3\TiposDeDados3.csproj", "{9AFB5AD5-969F-492F-A057-2EC7325ADD28}"
EndProject
Project("{9A19103F-16F7-4668-BE54-9A1E7A4F7556}") = "TiposDeDados4", "TiposDeDados4\TiposDeDados4.csproj", "{DB44D614-5196-4A13-972A-3C359E61222F}"
EndProject
Project("{9A19103F-16F7-4668-BE54-9A1E7A4F7556}") = "TiposDateTime1", "TipoDeDados5\TiposDateTime1.csproj", "{44D5B1E0-3FA4-405D-A7AD-B808AEA9BB03}"
EndProject
Project("{9A19103F-16F7-4668-BE54-9A1E7A4F7556}") = "TiposAnulaveis1", "TiposNulos1\TiposAnulaveis1.csproj", "{354F0198-2F6C-41F7-B725-13E2E7CD0D5A}"
EndProject
Project("{9A19103F-16F7-4668-BE54-9A1E7A4F7556}") = "ExerciciosFase1", "ExerciciosFase1\ExerciciosFase1.csproj", "{9B57516C-AE3F-4B6D-A53F-111C1E4AE801}"
EndProject
Project("{9A19103F-16F7-4668-BE54-9A1E7A4F7556}") = "SaidaDeDados1", "SaidaDeDados1\SaidaDeDados1.csproj", "{5086921A-FF10-448B-BFE6-C7CF2139C6FC}"
EndProject
Project("{9A19103F-16F7-4668-BE54-9A1E7A4F7556}") = "SaidaDeDados2", "SaidaDeDados2\SaidaDeDados2.csproj", "{84A1A848-F408-4916-A6EC-67F7EFA793A5}"
EndProject
Project("{9A19103F-16F7-4668-BE54-9A1E7A4F7556}") = "ConversaoDeTipos1", "ConversaoDeDados1\ConversaoDeTipos1.csproj", "{484B6A0A-4BAC-4DC2-8F32-B2A0EECE470E}"
EndProject
Project("{9A19103F-16F7-4668-BE54-9A1E7A4F7556}") = "Anotações", "Anotações\Anotações.csproj", "{1EAC9CAE-1B19-4E20-9579-454C71D55869}"
EndProject
Project("{9A19103F-16F7-4668-BE54-9A1E7A4F7556}") = "ConversaoDeTipos2", "ConversaoDeTipos2\ConversaoDeTipos2.csproj", "{3FBF3359-3059-4503-A877-A7086E1D04FF}"
EndProject
Project("{9A19103F-16F7-4668-BE54-9A1E7A4F7556}") = "EntradaDeDados1", "EntradaDeDados\EntradaDeDados1.csproj", "{792E5A43-0D4F-4112-8631-10DABCA8A4FC}"
EndProject
Project("{9A19103F-16F7-4668-BE54-9A1E7A4F7556}") = "OperadoresAritmeticos1", "OperadoresAritmeticos\OperadoresAritmeticos1.csproj", "{F6527EE0-4B53-4BBC-BB42-90DDE519FC36}"
EndProject
Project("{9A19103F-16F7-4668-BE54-9A1E7A4F7556}") = "InferenciaDeTipos1", "InferenciaDeTipos1\InferenciaDeTipos1.csproj", "{F3E77E93-8A89-48FC-9217-F997086023C8}"
EndProject
Project("{FAE04EC0-301F-11D3-BF4B-00C04F79EFBC}") = "OperadoresAtribuicao1", "OperadoresAtribuicao1\OperadoresAtribuicao1.csproj", "{D366DA14-46F3-4258-BF50-C03A41B72824}"
EndProject
Project("{FAE04EC0-301F-11D3-BF4B-00C04F79EFBC}") = "Constantes1", "Constantes1\Constantes1.csproj", "{B0D97A37-DC58-4A67-BBE7-3CA117C84A78}"
EndProject
Project("{FAE04EC0-301F-11D3-BF4B-00C04F79EFBC}") = "OperadoresIncremento1", "OperadoresIncremento1\OperadoresIncremento1.csproj", "{73F4D733-8C3E-4949-A9DB-194DBAD3ECDD}"
EndProject
Project("{FAE04EC0-301F-11D3-BF4B-00C04F79EFBC}") = "OperadoresRelacionais1", "OperadoresRelacionais1\OperadoresRelacionais1.csproj", "{EABCD4E4-BC12-4363-BDB1-5D609B989739}"
EndProject
Project("{FAE04EC0-301F-11D3-BF4B-00C04F79EFBC}") = "OperadoresLogicos1", "OperadoresLogicos1\OperadoresLogicos1.csproj", "{BF4482BA-8E1A-48A2-BC48-956C48B305C0}"
EndProject
Global
	GlobalSection(SolutionConfigurationPlatforms) = preSolution
		Debug|Any CPU = Debug|Any CPU
		Release|Any CPU = Release|Any CPU
	EndGlobalSection
	GlobalSection(ProjectConfigurationPlatforms) = postSolution
		{3A1C2EEB-22A3-4721-ACB7-22D663A8CECC}.Debug|Any CPU.ActiveCfg = Debug|Any CPU
		{3A1C2EEB-22A3-4721-ACB7-22D663A8CECC}.Debug|Any CPU.Build.0 = Debug|Any CPU
		{3A1C2EEB-22A3-4721-ACB7-22D663A8CECC}.Release|Any CPU.ActiveCfg = Release|Any CPU
		{3A1C2EEB-22A3-4721-ACB7-22D663A8CECC}.Release|Any CPU.Build.0 = Release|Any CPU
		{37FCE017-7EF5-4047-9459-E6A54A7B9437}.Debug|Any CPU.ActiveCfg = Debug|Any CPU
		{37FCE017-7EF5-4047-9459-E6A54A7B9437}.Debug|Any CPU.Build.0 = Debug|Any CPU
		{37FCE017-7EF5-4047-9459-E6A54A7B9437}.Release|Any CPU.ActiveCfg = Release|Any CPU
		{37FCE017-7EF5-4047-9459-E6A54A7B9437}.Release|Any CPU.Build.0 = Release|Any CPU
		{9AFB5AD5-969F-492F-A057-2EC7325ADD28}.Debug|Any CPU.ActiveCfg = Debug|Any CPU
		{9AFB5AD5-969F-492F-A057-2EC7325ADD28}.Debug|Any CPU.Build.0 = Debug|Any CPU
		{9AFB5AD5-969F-492F-A057-2EC7325ADD28}.Release|Any CPU.ActiveCfg = Release|Any CPU
		{9AFB5AD5-969F-492F-A057-2EC7325ADD28}.Release|Any CPU.Build.0 = Release|Any CPU
		{DB44D614-5196-4A13-972A-3C359E61222F}.Debug|Any CPU.ActiveCfg = Debug|Any CPU
		{DB44D614-5196-4A13-972A-3C359E61222F}.Debug|Any CPU.Build.0 = Debug|Any CPU
		{DB44D614-5196-4A13-972A-3C359E61222F}.Release|Any CPU.ActiveCfg = Release|Any CPU
		{DB44D614-5196-4A13-972A-3C359E61222F}.Release|Any CPU.Build.0 = Release|Any CPU
		{44D5B1E0-3FA4-405D-A7AD-B808AEA9BB03}.Debug|Any CPU.ActiveCfg = Debug|Any CPU
		{44D5B1E0-3FA4-405D-A7AD-B808AEA9BB03}.Debug|Any CPU.Build.0 = Debug|Any CPU
		{44D5B1E0-3FA4-405D-A7AD-B808AEA9BB03}.Release|Any CPU.ActiveCfg = Release|Any CPU
		{44D5B1E0-3FA4-405D-A7AD-B808AEA9BB03}.Release|Any CPU.Build.0 = Release|Any CPU
		{354F0198-2F6C-41F7-B725-13E2E7CD0D5A}.Debug|Any CPU.ActiveCfg = Debug|Any CPU
		{354F0198-2F6C-41F7-B725-13E2E7CD0D5A}.Debug|Any CPU.Build.0 = Debug|Any CPU
		{354F0198-2F6C-41F7-B725-13E2E7CD0D5A}.Release|Any CPU.ActiveCfg = Release|Any CPU
		{354F0198-2F6C-41F7-B725-13E2E7CD0D5A}.Release|Any CPU.Build.0 = Release|Any CPU
		{9B57516C-AE3F-4B6D-A53F-111C1E4AE801}.Debug|Any CPU.ActiveCfg = Debug|Any CPU
		{9B57516C-AE3F-4B6D-A53F-111C1E4AE801}.Debug|Any CPU.Build.0 = Debug|Any CPU
		{9B57516C-AE3F-4B6D-A53F-111C1E4AE801}.Release|Any CPU.ActiveCfg = Release|Any CPU
		{9B57516C-AE3F-4B6D-A53F-111C1E4AE801}.Release|Any CPU.Build.0 = Release|Any CPU
		{5086921A-FF10-448B-BFE6-C7CF2139C6FC}.Debug|Any CPU.ActiveCfg = Debug|Any CPU
		{5086921A-FF10-448B-BFE6-C7CF2139C6FC}.Debug|Any CPU.Build.0 = Debug|Any CPU
		{5086921A-FF10-448B-BFE6-C7CF2139C6FC}.Release|Any CPU.ActiveCfg = Release|Any CPU
		{5086921A-FF10-448B-BFE6-C7CF2139C6FC}.Release|Any CPU.Build.0 = Release|Any CPU
		{84A1A848-F408-4916-A6EC-67F7EFA793A5}.Debug|Any CPU.ActiveCfg = Debug|Any CPU
		{84A1A848-F408-4916-A6EC-67F7EFA793A5}.Debug|Any CPU.Build.0 = Debug|Any CPU
		{84A1A848-F408-4916-A6EC-67F7EFA793A5}.Release|Any CPU.ActiveCfg = Release|Any CPU
		{84A1A848-F408-4916-A6EC-67F7EFA793A5}.Release|Any CPU.Build.0 = Release|Any CPU
		{484B6A0A-4BAC-4DC2-8F32-B2A0EECE470E}.Debug|Any CPU.ActiveCfg = Debug|Any CPU
		{484B6A0A-4BAC-4DC2-8F32-B2A0EECE470E}.Debug|Any CPU.Build.0 = Debug|Any CPU
		{484B6A0A-4BAC-4DC2-8F32-B2A0EECE470E}.Release|Any CPU.ActiveCfg = Release|Any CPU
		{484B6A0A-4BAC-4DC2-8F32-B2A0EECE470E}.Release|Any CPU.Build.0 = Release|Any CPU
		{1EAC9CAE-1B19-4E20-9579-454C71D55869}.Debug|Any CPU.ActiveCfg = Debug|Any CPU
		{1EAC9CAE-1B19-4E20-9579-454C71D55869}.Debug|Any CPU.Build.0 = Debug|Any CPU
		{1EAC9CAE-1B19-4E20-9579-454C71D55869}.Release|Any CPU.ActiveCfg = Release|Any CPU
		{1EAC9CAE-1B19-4E20-9579-454C71D55869}.Release|Any CPU.Build.0 = Release|Any CPU
		{3FBF3359-3059-4503-A877-A7086E1D04FF}.Debug|Any CPU.ActiveCfg = Debug|Any CPU
		{3FBF3359-3059-4503-A877-A7086E1D04FF}.Debug|Any CPU.Build.0 = Debug|Any CPU
		{3FBF3359-3059-4503-A877-A7086E1D04FF}.Release|Any CPU.ActiveCfg = Release|Any CPU
		{3FBF3359-3059-4503-A877-A7086E1D04FF}.Release|Any CPU.Build.0 = Release|Any CPU
		{792E5A43-0D4F-4112-8631-10DABCA8A4FC}.Debug|Any CPU.ActiveCfg = Debug|Any CPU
		{792E5A43-0D4F-4112-8631-10DABCA8A4FC}.Debug|Any CPU.Build.0 = Debug|Any CPU
		{792E5A43-0D4F-4112-8631-10DABCA8A4FC}.Release|Any CPU.ActiveCfg = Release|Any CPU
		{792E5A43-0D4F-4112-8631-10DABCA8A4FC}.Release|Any CPU.Build.0 = Release|Any CPU
		{F6527EE0-4B53-4BBC-BB42-90DDE519FC36}.Debug|Any CPU.ActiveCfg = Debug|Any CPU
		{F6527EE0-4B53-4BBC-BB42-90DDE519FC36}.Debug|Any CPU.Build.0 = Debug|Any CPU
		{F6527EE0-4B53-4BBC-BB42-90DDE519FC36}.Release|Any CPU.ActiveCfg = Release|Any CPU
		{F6527EE0-4B53-4BBC-BB42-90DDE519FC36}.Release|Any CPU.Build.0 = Release|Any CPU
		{F3E77E93-8A89-48FC-9217-F997086023C8}.Debug|Any CPU.ActiveCfg = Debug|Any CPU
		{F3E77E93-8A89-48FC-9217-F997086023C8}.Debug|Any CPU.Build.0 = Debug|Any CPU
		{F3E77E93-8A89-48FC-9217-F997086023C8}.Release|Any CPU.ActiveCfg = Release|Any CPU
		{F3E77E93-8A89-48FC-9217-F997086023C8}.Release|Any CPU.Build.0 = Release|Any CPU
		{D366DA14-46F3-4258-BF50-C03A41B72824}.Debug|Any CPU.ActiveCfg = Debug|Any CPU
		{D366DA14-46F3-4258-BF50-C03A41B72824}.Debug|Any CPU.Build.0 = Debug|Any CPU
		{D366DA14-46F3-4258-BF50-C03A41B72824}.Release|Any CPU.ActiveCfg = Release|Any CPU
		{D366DA14-46F3-4258-BF50-C03A41B72824}.Release|Any CPU.Build.0 = Release|Any CPU
		{B0D97A37-DC58-4A67-BBE7-3CA117C84A78}.Debug|Any CPU.ActiveCfg = Debug|Any CPU
		{B0D97A37-DC58-4A67-BBE7-3CA117C84A78}.Debug|Any CPU.Build.0 = Debug|Any CPU
		{B0D97A37-DC58-4A67-BBE7-3CA117C84A78}.Release|Any CPU.ActiveCfg = Release|Any CPU
		{B0D97A37-DC58-4A67-BBE7-3CA117C84A78}.Release|Any CPU.Build.0 = Release|Any CPU
		{73F4D733-8C3E-4949-A9DB-194DBAD3ECDD}.Debug|Any CPU.ActiveCfg = Debug|Any CPU
		{73F4D733-8C3E-4949-A9DB-194DBAD3ECDD}.Debug|Any CPU.Build.0 = Debug|Any CPU
		{73F4D733-8C3E-4949-A9DB-194DBAD3ECDD}.Release|Any CPU.ActiveCfg = Release|Any CPU
		{73F4D733-8C3E-4949-A9DB-194DBAD3ECDD}.Release|Any CPU.Build.0 = Release|Any CPU
		{EABCD4E4-BC12-4363-BDB1-5D609B989739}.Debug|Any CPU.ActiveCfg = Debug|Any CPU
		{EABCD4E4-BC12-4363-BDB1-5D609B989739}.Debug|Any CPU.Build.0 = Debug|Any CPU
		{EABCD4E4-BC12-4363-BDB1-5D609B989739}.Release|Any CPU.ActiveCfg = Release|Any CPU
		{EABCD4E4-BC12-4363-BDB1-5D609B989739}.Release|Any CPU.Build.0 = Release|Any CPU
		{BF4482BA-8E1A-48A2-BC48-956C48B305C0}.Debug|Any CPU.ActiveCfg = Debug|Any CPU
		{BF4482BA-8E1A-48A2-BC48-956C48B305C0}.Debug|Any CPU.Build.0 = Debug|Any CPU
		{BF4482BA-8E1A-48A2-BC48-956C48B305C0}.Release|Any CPU.ActiveCfg = Release|Any CPU
		{BF4482BA-8E1A-48A2-BC48-956C48B305C0}.Release|Any CPU.Build.0 = Release|Any CPU
	EndGlobalSection
	GlobalSection(SolutionProperties) = preSolution
		HideSolutionNode = FALSE
	EndGlobalSection
	GlobalSection(ExtensibilityGlobals) = postSolution
		SolutionGuid = {18243AC0-8712-4750-9B86-1D903E8BD689}
	EndGlobalSection
EndGlobal
